
Microsoft Visual Studio Solution File, Format Version 12.00
# Visual Studio Version 17
VisualStudioVersion = 17.7.34202.233
MinimumVisualStudioVersion = 10.0.40219.1
Project("{888888A0-9F3D-457C-B088-3A5042F75D52}") = "WebProject1 Python Project for Data Sc", "WebProject1 Python Project for Data Sc\WebProject1 Python Project for Data Sc.pyproj", "{45CC6F23-F821-44D6-83B7-1562C72F50A7}"
EndProject
Global
	GlobalSection(SolutionConfigurationPlatforms) = preSolution
		Debug|Any CPU = Debug|Any CPU
		Release|Any CPU = Release|Any CPU
	EndGlobalSection
	GlobalSection(ProjectConfigurationPlatforms) = postSolution
		{45CC6F23-F821-44D6-83B7-1562C72F50A7}.Debug|Any CPU.ActiveCfg = Debug|Any CPU
		{45CC6F23-F821-44D6-83B7-1562C72F50A7}.Debug|Any CPU.Build.0 = Debug|Any CPU
		{45CC6F23-F821-44D6-83B7-1562C72F50A7}.Release|Any CPU.ActiveCfg = Release|Any CPU
		{45CC6F23-F821-44D6-83B7-1562C72F50A7}.Release|Any CPU.Build.0 = Release|Any CPU
	EndGlobalSection
	GlobalSection(SolutionProperties) = preSolution
		HideSolutionNode = FALSE
	EndGlobalSection
	GlobalSection(ExtensibilityGlobals) = postSolution
		SolutionGuid = {B9316AE4-5585-4D7E-8755-60DEF1F0B9EE}
	EndGlobalSection
EndGlobal
